
Microsoft Visual Studio Solution File, Format Version 11.00
# Visual Studio 2010
Project("{FAE04EC0-301F-11D3-BF4B-00C04F79EFBC}") = "Assembly-CSharp", "Assembly-CSharp.csproj", "{30471C94-9E04-07D3-EC39-1D7F26C399A3}"
EndProject
Project("{FAE04EC0-301F-11D3-BF4B-00C04F79EFBC}") = "Assembly-CSharp-firstpass", "Assembly-CSharp-firstpass.csproj", "{F63964C1-FACE-A23E-EBBC-14B23F570B8F}"
EndProject
Project("{FAE04EC0-301F-11D3-BF4B-00C04F79EFBC}") = "Assembly-CSharp-Editor", "Assembly-CSharp-Editor.csproj", "{2F29B2E1-84EC-85EE-4CB1-82D1ADB55DAE}"
EndProject
Project("{FAE04EC0-301F-11D3-BF4B-00C04F79EFBC}") = "Assembly-CSharp-Editor-firstpass", "Assembly-CSharp-Editor-firstpass.csproj", "{54515C2F-3882-F1CB-DB96-FBCEB76FAF20}"
EndProject
Global
	GlobalSection(SolutionConfigurationPlatforms) = preSolution
		Debug|Any CPU = Debug|Any CPU
		Release|Any CPU = Release|Any CPU
	EndGlobalSection
	GlobalSection(ProjectConfigurationPlatforms) = postSolution
		{30471C94-9E04-07D3-EC39-1D7F26C399A3}.Debug|Any CPU.ActiveCfg = Debug|Any CPU
		{30471C94-9E04-07D3-EC39-1D7F26C399A3}.Debug|Any CPU.Build.0 = Debug|Any CPU
		{30471C94-9E04-07D3-EC39-1D7F26C399A3}.Release|Any CPU.ActiveCfg = Release|Any CPU
		{30471C94-9E04-07D3-EC39-1D7F26C399A3}.Release|Any CPU.Build.0 = Release|Any CPU
		{F63964C1-FACE-A23E-EBBC-14B23F570B8F}.Debug|Any CPU.ActiveCfg = Debug|Any CPU
		{F63964C1-FACE-A23E-EBBC-14B23F570B8F}.Debug|Any CPU.Build.0 = Debug|Any CPU
		{F63964C1-FACE-A23E-EBBC-14B23F570B8F}.Release|Any CPU.ActiveCfg = Release|Any CPU
		{F63964C1-FACE-A23E-EBBC-14B23F570B8F}.Release|Any CPU.Build.0 = Release|Any CPU
		{2F29B2E1-84EC-85EE-4CB1-82D1ADB55DAE}.Debug|Any CPU.ActiveCfg = Debug|Any CPU
		{2F29B2E1-84EC-85EE-4CB1-82D1ADB55DAE}.Debug|Any CPU.Build.0 = Debug|Any CPU
		{2F29B2E1-84EC-85EE-4CB1-82D1ADB55DAE}.Release|Any CPU.ActiveCfg = Release|Any CPU
		{2F29B2E1-84EC-85EE-4CB1-82D1ADB55DAE}.Release|Any CPU.Build.0 = Release|Any CPU
		{54515C2F-3882-F1CB-DB96-FBCEB76FAF20}.Debug|Any CPU.ActiveCfg = Debug|Any CPU
		{54515C2F-3882-F1CB-DB96-FBCEB76FAF20}.Debug|Any CPU.Build.0 = Debug|Any CPU
		{54515C2F-3882-F1CB-DB96-FBCEB76FAF20}.Release|Any CPU.ActiveCfg = Release|Any CPU
		{54515C2F-3882-F1CB-DB96-FBCEB76FAF20}.Release|Any CPU.Build.0 = Release|Any CPU
	EndGlobalSection
	GlobalSection(SolutionProperties) = preSolution
		HideSolutionNode = FALSE
	EndGlobalSection
	GlobalSection(MonoDevelopProperties) = preSolution
		StartupItem = Assembly-CSharp.csproj
	EndGlobalSection
EndGlobal
